
Microsoft Visual Studio Solution File, Format Version 12.00
# Visual Studio Version 17
VisualStudioVersion = 17.7.34202.233
MinimumVisualStudioVersion = 10.0.40219.1
Project("{9A19103F-16F7-4668-BE54-9A1E7A4F7556}") = "CarRentalApp.PresentationLayer", "CarRentalApp.PresentationLayer\CarRentalApp.PresentationLayer.csproj", "{76E61D2B-65A1-46D6-B5CF-EA3E186230F4}"
EndProject
Project("{9A19103F-16F7-4668-BE54-9A1E7A4F7556}") = "CarRentalApp.BuisnessLayer", "CarRentalApp.BuisnessLayer\CarRentalApp.BuisnessLayer.csproj", "{A91D47B1-D4DE-44B8-9845-B067B751CBDB}"
EndProject
Project("{9A19103F-16F7-4668-BE54-9A1E7A4F7556}") = "CarRentalApp.DataLayer", "CarRentalApp.DataLayer\CarRentalApp.DataLayer.csproj", "{4BF419A5-A1B6-48CA-B3A9-22AE8D829CF0}"
EndProject
Project("{9A19103F-16F7-4668-BE54-9A1E7A4F7556}") = "CarRentalApp.APILayer", "CarRentalApp.APILayer\CarRentalApp.APILayer.csproj", "{3508CEDA-FA51-4852-A211-2D56066BC55A}"
EndProject
Project("{FAE04EC0-301F-11D3-BF4B-00C04F79EFBC}") = "CarRentalApp.DTO", "CarRentalApp.DTO\CarRentalApp.DTO.csproj", "{AE9AEFF2-B7DF-40B6-829F-830C455B0E33}"
EndProject
Global
	GlobalSection(SolutionConfigurationPlatforms) = preSolution
		Debug|Any CPU = Debug|Any CPU
		Release|Any CPU = Release|Any CPU
	EndGlobalSection
	GlobalSection(ProjectConfigurationPlatforms) = postSolution
		{76E61D2B-65A1-46D6-B5CF-EA3E186230F4}.Debug|Any CPU.ActiveCfg = Debug|Any CPU
		{76E61D2B-65A1-46D6-B5CF-EA3E186230F4}.Debug|Any CPU.Build.0 = Debug|Any CPU
		{76E61D2B-65A1-46D6-B5CF-EA3E186230F4}.Release|Any CPU.ActiveCfg = Release|Any CPU
		{76E61D2B-65A1-46D6-B5CF-EA3E186230F4}.Release|Any CPU.Build.0 = Release|Any CPU
		{A91D47B1-D4DE-44B8-9845-B067B751CBDB}.Debug|Any CPU.ActiveCfg = Debug|Any CPU
		{A91D47B1-D4DE-44B8-9845-B067B751CBDB}.Debug|Any CPU.Build.0 = Debug|Any CPU
		{A91D47B1-D4DE-44B8-9845-B067B751CBDB}.Release|Any CPU.ActiveCfg = Release|Any CPU
		{A91D47B1-D4DE-44B8-9845-B067B751CBDB}.Release|Any CPU.Build.0 = Release|Any CPU
		{4BF419A5-A1B6-48CA-B3A9-22AE8D829CF0}.Debug|Any CPU.ActiveCfg = Debug|Any CPU
		{4BF419A5-A1B6-48CA-B3A9-22AE8D829CF0}.Debug|Any CPU.Build.0 = Debug|Any CPU
		{4BF419A5-A1B6-48CA-B3A9-22AE8D829CF0}.Release|Any CPU.ActiveCfg = Release|Any CPU
		{4BF419A5-A1B6-48CA-B3A9-22AE8D829CF0}.Release|Any CPU.Build.0 = Release|Any CPU
		{3508CEDA-FA51-4852-A211-2D56066BC55A}.Debug|Any CPU.ActiveCfg = Debug|Any CPU
		{3508CEDA-FA51-4852-A211-2D56066BC55A}.Debug|Any CPU.Build.0 = Debug|Any CPU
		{3508CEDA-FA51-4852-A211-2D56066BC55A}.Release|Any CPU.ActiveCfg = Release|Any CPU
		{3508CEDA-FA51-4852-A211-2D56066BC55A}.Release|Any CPU.Build.0 = Release|Any CPU
		{AE9AEFF2-B7DF-40B6-829F-830C455B0E33}.Debug|Any CPU.ActiveCfg = Debug|Any CPU
		{AE9AEFF2-B7DF-40B6-829F-830C455B0E33}.Debug|Any CPU.Build.0 = Debug|Any CPU
		{AE9AEFF2-B7DF-40B6-829F-830C455B0E33}.Release|Any CPU.ActiveCfg = Release|Any CPU
		{AE9AEFF2-B7DF-40B6-829F-830C455B0E33}.Release|Any CPU.Build.0 = Release|Any CPU
	EndGlobalSection
	GlobalSection(SolutionProperties) = preSolution
		HideSolutionNode = FALSE
	EndGlobalSection
	GlobalSection(ExtensibilityGlobals) = postSolution
		SolutionGuid = {A3595285-9893-4897-AE5F-76DF01974FE6}
	EndGlobalSection
EndGlobal
